{
  "name": "node-red-contrib-apple-findme-reloaded",
  "version": "0.1.0",
  "lockfileVersion": 2,
  "requires": true,
  "packages": {
    "": {
      "name": "node-red-contrib-apple-findme-reloaded",
      "version": "0.1.0",
      "license": "MIT"
    }
  },
  "dependencies": {
    "moment": "^2.29.4",
    "urllib": "^3.1.3"
  }
}
